// !$*UTF8*$!
{
	archiveVersion = 1;
	classes = {
	};
	objectVersion = 50;
	objects = {

/* Begin PBXBuildFile section */
		75A3B26024DAD44E00009BFC /* AppDelegate.swift in Sources */ = {isa = PBXBuildFile; fileRef = 75A3B25F24DAD44E00009BFC /* AppDelegate.swift */; };
		75A3B26224DAD44E00009BFC /* SceneDelegate.swift in Sources */ = {isa = PBXBuildFile; fileRef = 75A3B26124DAD44E00009BFC /* SceneDelegate.swift */; };
		75A3B26724DAD44E00009BFC /* Main.storyboard in Resources */ = {isa = PBXBuildFile; fileRef = 75A3B26524DAD44E00009BFC /* Main.storyboard */; };
		75A3B26924DAD45300009BFC /* Assets.xcassets in Resources */ = {isa = PBXBuildFile; fileRef = 75A3B26824DAD45300009BFC /* Assets.xcassets */; };
		75A3B26C24DAD45300009BFC /* LaunchScreen.storyboard in Resources */ = {isa = PBXBuildFile; fileRef = 75A3B26A24DAD45300009BFC /* LaunchScreen.storyboard */; };
		75A3B27424DAD50800009BFC /* SettingsTableViewController.swift in Sources */ = {isa = PBXBuildFile; fileRef = 75A3B27324DAD50800009BFC /* SettingsTableViewController.swift */; };
		75A3B27624DAD52300009BFC /* HowToViewController.swift in Sources */ = {isa = PBXBuildFile; fileRef = 75A3B27524DAD52300009BFC /* HowToViewController.swift */; };
		75A3B27924DAD67D00009BFC /* HowToCell.swift in Sources */ = {isa = PBXBuildFile; fileRef = 75A3B27724DAD67D00009BFC /* HowToCell.swift */; };
		75A3B27A24DAD67D00009BFC /* HowToCell.xib in Resources */ = {isa = PBXBuildFile; fileRef = 75A3B27824DAD67D00009BFC /* HowToCell.xib */; };
		75A3B27C24DAD91200009BFC /* PlusDataModel.swift in Sources */ = {isa = PBXBuildFile; fileRef = 75A3B27B24DAD91200009BFC /* PlusDataModel.swift */; };
		75A3B27E24DADBBF00009BFC /* SampleViewController.swift in Sources */ = {isa = PBXBuildFile; fileRef = 75A3B27D24DADBBF00009BFC /* SampleViewController.swift */; };
/* End PBXBuildFile section */

/* Begin PBXFileReference section */
		75A3B25C24DAD44E00009BFC /* TestLag.app */ = {isa = PBXFileReference; explicitFileType = wrapper.application; includeInIndex = 0; path = TestLag.app; sourceTree = BUILT_PRODUCTS_DIR; };
		75A3B25F24DAD44E00009BFC /* AppDelegate.swift */ = {isa = PBXFileReference; lastKnownFileType = sourcecode.swift; path = AppDelegate.swift; sourceTree = "<group>"; };
		75A3B26124DAD44E00009BFC /* SceneDelegate.swift */ = {isa = PBXFileReference; lastKnownFileType = sourcecode.swift; path = SceneDelegate.swift; sourceTree = "<group>"; };
		75A3B26624DAD44E00009BFC /* Base */ = {isa = PBXFileReference; lastKnownFileType = file.storyboard; name = Base; path = Base.lproj/Main.storyboard; sourceTree = "<group>"; };
		75A3B26824DAD45300009BFC /* Assets.xcassets */ = {isa = PBXFileReference; lastKnownFileType = folder.assetcatalog; path = Assets.xcassets; sourceTree = "<group>"; };
		75A3B26B24DAD45300009BFC /* Base */ = {isa = PBXFileReference; lastKnownFileType = file.storyboard; name = Base; path = Base.lproj/LaunchScreen.storyboard; sourceTree = "<group>"; };
		75A3B26D24DAD45300009BFC /* Info.plist */ = {isa = PBXFileReference; lastKnownFileType = text.plist.xml; path = Info.plist; sourceTree = "<group>"; };
		75A3B27324DAD50800009BFC /* SettingsTableViewController.swift */ = {isa = PBXFileReference; lastKnownFileType = sourcecode.swift; path = SettingsTableViewController.swift; sourceTree = "<group>"; };
		75A3B27524DAD52300009BFC /* HowToViewController.swift */ = {isa = PBXFileReference; lastKnownFileType = sourcecode.swift; path = HowToViewController.swift; sourceTree = "<group>"; };
		75A3B27724DAD67D00009BFC /* HowToCell.swift */ = {isa = PBXFileReference; lastKnownFileType = sourcecode.swift; path = HowToCell.swift; sourceTree = "<group>"; };
		75A3B27824DAD67D00009BFC /* HowToCell.xib */ = {isa = PBXFileReference; lastKnownFileType = file.xib; path = HowToCell.xib; sourceTree = "<group>"; };
		75A3B27B24DAD91200009BFC /* PlusDataModel.swift */ = {isa = PBXFileReference; lastKnownFileType = sourcecode.swift; path = PlusDataModel.swift; sourceTree = "<group>"; };
		75A3B27D24DADBBF00009BFC /* SampleViewController.swift */ = {isa = PBXFileReference; lastKnownFileType = sourcecode.swift; path = SampleViewController.swift; sourceTree = "<group>"; };
/* End PBXFileReference section */

/* Begin PBXFrameworksBuildPhase section */
		75A3B25924DAD44E00009BFC /* Frameworks */ = {
			isa = PBXFrameworksBuildPhase;
			buildActionMask = 2147483647;
			files = (
			);
			runOnlyForDeploymentPostprocessing = 0;
		};
/* End PBXFrameworksBuildPhase section */

/* Begin PBXGroup section */
		75A3B25324DAD44E00009BFC = {
			isa = PBXGroup;
			children = (
				75A3B25E24DAD44E00009BFC /* TestLag */,
				75A3B25D24DAD44E00009BFC /* Products */,
			);
			sourceTree = "<group>";
		};
		75A3B25D24DAD44E00009BFC /* Products */ = {
			isa = PBXGroup;
			children = (
				75A3B25C24DAD44E00009BFC /* TestLag.app */,
			);
			name = Products;
			sourceTree = "<group>";
		};
		75A3B25E24DAD44E00009BFC /* TestLag */ = {
			isa = PBXGroup;
			children = (
				75A3B27324DAD50800009BFC /* SettingsTableViewController.swift */,
				75A3B27524DAD52300009BFC /* HowToViewController.swift */,
				75A3B25F24DAD44E00009BFC /* AppDelegate.swift */,
				75A3B26124DAD44E00009BFC /* SceneDelegate.swift */,
				75A3B26524DAD44E00009BFC /* Main.storyboard */,
				75A3B26824DAD45300009BFC /* Assets.xcassets */,
				75A3B26A24DAD45300009BFC /* LaunchScreen.storyboard */,
				75A3B26D24DAD45300009BFC /* Info.plist */,
				75A3B27724DAD67D00009BFC /* HowToCell.swift */,
				75A3B27824DAD67D00009BFC /* HowToCell.xib */,
				75A3B27B24DAD91200009BFC /* PlusDataModel.swift */,
				75A3B27D24DADBBF00009BFC /* SampleViewController.swift */,
			);
			path = TestLag;
			sourceTree = "<group>";
		};
/* End PBXGroup section */

/* Begin PBXNativeTarget section */
		75A3B25B24DAD44E00009BFC /* TestLag */ = {
			isa = PBXNativeTarget;
			buildConfigurationList = 75A3B27024DAD45300009BFC /* Build configuration list for PBXNativeTarget "TestLag" */;
			buildPhases = (
				75A3B25824DAD44E00009BFC /* Sources */,
				75A3B25924DAD44E00009BFC /* Frameworks */,
				75A3B25A24DAD44E00009BFC /* Resources */,
			);
			buildRules = (
			);
			dependencies = (
			);
			name = TestLag;
			productName = TestLag;
			productReference = 75A3B25C24DAD44E00009BFC /* TestLag.app */;
			productType = "com.apple.product-type.application";
		};
/* End PBXNativeTarget section */

/* Begin PBXProject section */
		75A3B25424DAD44E00009BFC /* Project object */ = {
			isa = PBXProject;
			attributes = {
				LastSwiftUpdateCheck = 1160;
				LastUpgradeCheck = 1160;
				ORGANIZATIONNAME = Kavisha;
				TargetAttributes = {
					75A3B25B24DAD44E00009BFC = {
						CreatedOnToolsVersion = 11.6;
					};
				};
			};
			buildConfigurationList = 75A3B25724DAD44E00009BFC /* Build configuration list for PBXProject "TestLag" */;
			compatibilityVersion = "Xcode 9.3";
			developmentRegion = en;
			hasScannedForEncodings = 0;
			knownRegions = (
				en,
				Base,
			);
			mainGroup = 75A3B25324DAD44E00009BFC;
			productRefGroup = 75A3B25D24DAD44E00009BFC /* Products */;
			projectDirPath = "";
			projectRoot = "";
			targets = (
				75A3B25B24DAD44E00009BFC /* TestLag */,
			);
		};
/* End PBXProject section */

/* Begin PBXResourcesBuildPhase section */
		75A3B25A24DAD44E00009BFC /* Resources */ = {
			isa = PBXResourcesBuildPhase;
			buildActionMask = 2147483647;
			files = (
				75A3B26C24DAD45300009BFC /* LaunchScreen.storyboard in Resources */,
				75A3B26924DAD45300009BFC /* Assets.xcassets in Resources */,
				75A3B26724DAD44E00009BFC /* Main.storyboard in Resources */,
				75A3B27A24DAD67D00009BFC /* HowToCell.xib in Resources */,
			);
			runOnlyForDeploymentPostprocessing = 0;
		};
/* End PBXResourcesBuildPhase section */

/* Begin PBXSourcesBuildPhase section */
		75A3B25824DAD44E00009BFC /* Sources */ = {
			isa = PBXSourcesBuildPhase;
			buildActionMask = 2147483647;
			files = (
				75A3B27424DAD50800009BFC /* SettingsTableViewController.swift in Sources */,
				75A3B26024DAD44E00009BFC /* AppDelegate.swift in Sources */,
				75A3B26224DAD44E00009BFC /* SceneDelegate.swift in Sources */,
				75A3B27C24DAD91200009BFC /* PlusDataModel.swift in Sources */,
				75A3B27924DAD67D00009BFC /* HowToCell.swift in Sources */,
				75A3B27624DAD52300009BFC /* HowToViewController.swift in Sources */,
				75A3B27E24DADBBF00009BFC /* SampleViewController.swift in Sources */,
			);
			runOnlyForDeploymentPostprocessing = 0;
		};
/* End PBXSourcesBuildPhase section */

/* Begin PBXVariantGroup section */
		75A3B26524DAD44E00009BFC /* Main.storyboard */ = {
			isa = PBXVariantGroup;
			children = (
				75A3B26624DAD44E00009BFC /* Base */,
			);
			name = Main.storyboard;
			sourceTree = "<group>";
		};
		75A3B26A24DAD45300009BFC /* LaunchScreen.storyboard */ = {
			isa = PBXVariantGroup;
			children = (
				75A3B26B24DAD45300009BFC /* Base */,
			);
			name = LaunchScreen.storyboard;
			sourceTree = "<group>";
		};
/* End PBXVariantGroup section */

/* Begin XCBuildConfiguration section */
		75A3B26E24DAD45300009BFC /* Debug */ = {
			isa = XCBuildConfiguration;
			buildSettings = {
				ALWAYS_SEARCH_USER_PATHS = NO;
				CLANG_ANALYZER_NONNULL = YES;
				CLANG_ANALYZER_NUMBER_OBJECT_CONVERSION = YES_AGGRESSIVE;
				CLANG_CXX_LANGUAGE_STANDARD = "gnu++14";
				CLANG_CXX_LIBRARY = "libc++";
				CLANG_ENABLE_MODULES = YES;
				CLANG_ENABLE_OBJC_ARC = YES;
				CLANG_ENABLE_OBJC_WEAK = YES;
				CLANG_WARN_BLOCK_CAPTURE_AUTORELEASING = YES;
				CLANG_WARN_BOOL_CONVERSION = YES;
				CLANG_WARN_COMMA = YES;
				CLANG_WARN_CONSTANT_CONVERSION = YES;
				CLANG_WARN_DEPRECATED_OBJC_IMPLEMENTATIONS = YES;
				CLANG_WARN_DIRECT_OBJC_ISA_USAGE = YES_ERROR;
				CLANG_WARN_DOCUMENTATION_COMMENTS = YES;
				CLANG_WARN_EMPTY_BODY = YES;
				CLANG_WARN_ENUM_CONVERSION = YES;
				CLANG_WARN_INFINITE_RECURSION = YES;
				CLANG_WARN_INT_CONVERSION = YES;
				CLANG_WARN_NON_LITERAL_NULL_CONVERSION = YES;
				CLANG_WARN_OBJC_IMPLICIT_RETAIN_SELF = YES;
				CLANG_WARN_OBJC_LITERAL_CONVERSION = YES;
				CLANG_WARN_OBJC_ROOT_CLASS = YES_ERROR;
				CLANG_WARN_RANGE_LOOP_ANALYSIS = YES;
				CLANG_WARN_STRICT_PROTOTYPES = YES;
				CLANG_WARN_SUSPICIOUS_MOVE = YES;
				CLANG_WARN_UNGUARDED_AVAILABILITY = YES_AGGRESSIVE;
				CLANG_WARN_UNREACHABLE_CODE = YES;
				CLANG_WARN__DUPLICATE_METHOD_MATCH = YES;
				COPY_PHASE_STRIP = NO;
				DEBUG_INFORMATION_FORMAT = dwarf;
				ENABLE_STRICT_OBJC_MSGSEND = YES;
				ENABLE_TESTABILITY = YES;
				GCC_C_LANGUAGE_STANDARD = gnu11;
				GCC_DYNAMIC_NO_PIC = NO;
				GCC_NO_COMMON_BLOCKS = YES;
				GCC_OPTIMIZATION_LEVEL = 0;
				GCC_PREPROCESSOR_DEFINITIONS = (
					"DEBUG=1",
					"$(inherited)",
				);
				GCC_WARN_64_TO_32_BIT_CONVERSION = YES;
				GCC_WARN_ABOUT_RETURN_TYPE = YES_ERROR;
				GCC_WARN_UNDECLARED_SELECTOR = YES;
				GCC_WARN_UNINITIALIZED_AUTOS = YES_AGGRESSIVE;
				GCC_WARN_UNUSED_FUNCTION = YES;
				GCC_WARN_UNUSED_VARIABLE = YES;
				IPHONEOS_DEPLOYMENT_TARGET = 13.6;
				MTL_ENABLE_DEBUG_INFO = INCLUDE_SOURCE;
				MTL_FAST_MATH = YES;
				ONLY_ACTIVE_ARCH = YES;
				SDKROOT = iphoneos;
				SWIFT_ACTIVE_COMPILATION_CONDITIONS = DEBUG;
				SWIFT_OPTIMIZATION_LEVEL = "-Onone";
			};
			name = Debug;
		};
		75A3B26F24DAD45300009BFC /* Release */ = {
			isa = XCBuildConfiguration;
			buildSettings = {
				ALWAYS_SEARCH_USER_PATHS = NO;
				CLANG_ANALYZER_NONNULL = YES;
				CLANG_ANALYZER_NUMBER_OBJECT_CONVERSION = YES_AGGRESSIVE;
				CLANG_CXX_LANGUAGE_STANDARD = "gnu++14";
				CLANG_CXX_LIBRARY = "libc++";
				CLANG_ENABLE_MODULES = YES;
				CLANG_ENABLE_OBJC_ARC = YES;
				CLANG_ENABLE_OBJC_WEAK = YES;
				CLANG_WARN_BLOCK_CAPTURE_AUTORELEASING = YES;
				CLANG_WARN_BOOL_CONVERSION = YES;
				CLANG_WARN_COMMA = YES;
				CLANG_WARN_CONSTANT_CONVERSION = YES;
				CLANG_WARN_DEPRECATED_OBJC_IMPLEMENTATIONS = YES;
				CLANG_WARN_DIRECT_OBJC_ISA_USAGE = YES_ERROR;
				CLANG_WARN_DOCUMENTATION_COMMENTS = YES;
				CLANG_WARN_EMPTY_BODY = YES;
				CLANG_WARN_ENUM_CONVERSION = YES;
				CLANG_WARN_INFINITE_RECURSION = YES;
				CLANG_WARN_INT_CONVERSION = YES;
				CLANG_WARN_NON_LITERAL_NULL_CONVERSION = YES;
				CLANG_WARN_OBJC_IMPLICIT_RETAIN_SELF = YES;
				CLANG_WARN_OBJC_LITERAL_CONVERSION = YES;
				CLANG_WARN_OBJC_ROOT_CLASS = YES_ERROR;
				CLANG_WARN_RANGE_LOOP_ANALYSIS = YES;
				CLANG_WARN_STRICT_PROTOTYPES = YES;
				CLANG_WARN_SUSPICIOUS_MOVE = YES;
				CLANG_WARN_UNGUARDED_AVAILABILITY = YES_AGGRESSIVE;
				CLANG_WARN_UNREACHABLE_CODE = YES;
				CLANG_WARN__DUPLICATE_METHOD_MATCH = YES;
				COPY_PHASE_STRIP = NO;
				DEBUG_INFORMATION_FORMAT = "dwarf-with-dsym";
				ENABLE_NS_ASSERTIONS = NO;
				ENABLE_STRICT_OBJC_MSGSEND = YES;
				GCC_C_LANGUAGE_STANDARD = gnu11;
				GCC_NO_COMMON_BLOCKS = YES;
				GCC_WARN_64_TO_32_BIT_CONVERSION = YES;
				GCC_WARN_ABOUT_RETURN_TYPE = YES_ERROR;
				GCC_WARN_UNDECLARED_SELECTOR = YES;
				GCC_WARN_UNINITIALIZED_AUTOS = YES_AGGRESSIVE;
				GCC_WARN_UNUSED_FUNCTION = YES;
				GCC_WARN_UNUSED_VARIABLE = YES;
				IPHONEOS_DEPLOYMENT_TARGET = 13.6;
				MTL_ENABLE_DEBUG_INFO = NO;
				MTL_FAST_MATH = YES;
				SDKROOT = iphoneos;
				SWIFT_COMPILATION_MODE = wholemodule;
				SWIFT_OPTIMIZATION_LEVEL = "-O";
				VALIDATE_PRODUCT = YES;
			};
			name = Release;
		};
		75A3B27124DAD45300009BFC /* Debug */ = {
			isa = XCBuildConfiguration;
			buildSettings = {
				ASSETCATALOG_COMPILER_APPICON_NAME = AppIcon;
				CODE_SIGN_STYLE = Automatic;
				DEVELOPMENT_TEAM = 28S944C5QK;
				INFOPLIST_FILE = TestLag/Info.plist;
				LD_RUNPATH_SEARCH_PATHS = (
					"$(inherited)",
					"@executable_path/Frameworks",
				);
				PRODUCT_BUNDLE_IDENTIFIER = com.soka.TestLag;
				PRODUCT_NAME = "$(TARGET_NAME)";
				SWIFT_VERSION = 5.0;
				TARGETED_DEVICE_FAMILY = 1;
			};
			name = Debug;
		};
		75A3B27224DAD45300009BFC /* Release */ = {
			isa = XCBuildConfiguration;
			buildSettings = {
				ASSETCATALOG_COMPILER_APPICON_NAME = AppIcon;
				CODE_SIGN_STYLE = Automatic;
				DEVELOPMENT_TEAM = 28S944C5QK;
				INFOPLIST_FILE = TestLag/Info.plist;
				LD_RUNPATH_SEARCH_PATHS = (
					"$(inherited)",
					"@executable_path/Frameworks",
				);
				PRODUCT_BUNDLE_IDENTIFIER = com.soka.TestLag;
				PRODUCT_NAME = "$(TARGET_NAME)";
				SWIFT_VERSION = 5.0;
				TARGETED_DEVICE_FAMILY = 1;
			};
			name = Release;
		};
/* End XCBuildConfiguration section */

/* Begin XCConfigurationList section */
		75A3B25724DAD44E00009BFC /* Build configuration list for PBXProject "TestLag" */ = {
			isa = XCConfigurationList;
			buildConfigurations = (
				75A3B26E24DAD45300009BFC /* Debug */,
				75A3B26F24DAD45300009BFC /* Release */,
			);
			defaultConfigurationIsVisible = 0;
			defaultConfigurationName = Release;
		};
		75A3B27024DAD45300009BFC /* Build configuration list for PBXNativeTarget "TestLag" */ = {
			isa = XCConfigurationList;
			buildConfigurations = (
				75A3B27124DAD45300009BFC /* Debug */,
				75A3B27224DAD45300009BFC /* Release */,
			);
			defaultConfigurationIsVisible = 0;
			defaultConfigurationName = Release;
		};
/* End XCConfigurationList section */
	};
	rootObject = 75A3B25424DAD44E00009BFC /* Project object */;
}
